
Microsoft Visual Studio Solution File, Format Version 12.00
# Visual Studio 2012
Project("{2150E333-8FDC-42A3-9474-1A3956D46DE8}") = "ExtLib", "ExtLib", "{0D549A9F-BDB8-4707-BA43-93EF1D581549}"
	ProjectSection(SolutionItems) = preProject
		ExtLib\AxInterop.ShockwaveFlashObjects.dll = ExtLib\AxInterop.ShockwaveFlashObjects.dll
		ExtLib\FastJSON.dll = ExtLib\FastJSON.dll
		ExtLib\GoobizFrame.Profile.dll = ExtLib\GoobizFrame.Profile.dll
		ExtLib\GoobizFrame.Windows.dll = ExtLib\GoobizFrame.Windows.dll
		ExtLib\ICSharpCode.SharpZipLib.dll = ExtLib\ICSharpCode.SharpZipLib.dll
		ExtLib\idautomation.linearbarcode.dll = ExtLib\idautomation.linearbarcode.dll
		ExtLib\Interop.Excel.dll = ExtLib\Interop.Excel.dll
		ExtLib\Interop.Microsoft.Office.Core.dll = ExtLib\Interop.Microsoft.Office.Core.dll
		ExtLib\Interop.Office.dll = ExtLib\Interop.Office.dll
		ExtLib\Interop.ShockwaveFlashObjects.dll = ExtLib\Interop.ShockwaveFlashObjects.dll
		ExtLib\Interop.VBIDE.dll = ExtLib\Interop.VBIDE.dll
		ExtLib\Interop.Word.dll = ExtLib\Interop.Word.dll
	EndProjectSection
EndProject
Project("{2150E333-8FDC-42A3-9474-1A3956D46DE8}") = "App", "App", "{BD8207FB-742B-46C4-BB3F-3BBB9FC5B84B}"
EndProject
Project("{2150E333-8FDC-42A3-9474-1A3956D46DE8}") = "Libs", "Libs", "{B4D51665-EFEC-4F69-A274-D8DC89692151}"
EndProject
Project("{2150E333-8FDC-42A3-9474-1A3956D46DE8}") = "Biz", "Biz", "{1BD90470-2CE1-472F-9F67-0E3E7D9903C8}"
EndProject
Project("{FAE04EC0-301F-11D3-BF4B-00C04F79EFBC}") = "Ecm.Service", "Ecm.Service\Ecm.Service.csproj", "{D949923F-A1CD-46DB-9699-1BCD095856A8}"
EndProject
Project("{FAE04EC0-301F-11D3-BF4B-00C04F79EFBC}") = "Ecm.Domain", "Ecm.Domain\Ecm.Domain.csproj", "{343CAC93-2C71-49E5-9C82-CB678C84F97A}"
EndProject
Project("{FAE04EC0-301F-11D3-BF4B-00C04F79EFBC}") = "Ecm.Ware", "Ecm.Ware\Ecm.Ware.csproj", "{CB18550F-F06B-4000-8B4E-2F85E0D283CA}"
EndProject
Project("{FAE04EC0-301F-11D3-BF4B-00C04F79EFBC}") = "Ecm.Client", "Ecm.Client\Ecm.Client.csproj", "{1B3EF560-D489-4693-9A57-B430169FEA33}"
EndProject
Project("{FAE04EC0-301F-11D3-BF4B-00C04F79EFBC}") = "Ecm.SystemControl", "Ecm.SystemControl\Ecm.SystemControl.csproj", "{B063D20A-90EF-4E2C-BBDC-8795C7995DE8}"
EndProject
Project("{FAE04EC0-301F-11D3-BF4B-00C04F79EFBC}") = "Ecm.Rex", "Ecm.Rex\Ecm.Rex.csproj", "{7D1DFDAC-E17E-45D6-94F2-42A959F6AAE4}"
EndProject
Project("{FAE04EC0-301F-11D3-BF4B-00C04F79EFBC}") = "Ecm.Bar", "Ecm.Bar\Ecm.Bar.csproj", "{DF7BE7D8-3F8E-4128-A0BB-115AE597F756}"
EndProject
Project("{FAE04EC0-301F-11D3-BF4B-00C04F79EFBC}") = "Ecm.Reports", "Ecm.Reports\Ecm.Reports.csproj", "{F8DFD116-CCF8-4B03-BAF5-2F62FBCC01BE}"
EndProject
Project("{FAE04EC0-301F-11D3-BF4B-00C04F79EFBC}") = "Ecm.MasterTables", "Ecm.MasterTables\Ecm.MasterTables.csproj", "{1971B97A-D2BD-43CD-BE6A-CDB8B907DA5E}"
EndProject
Project("{FAE04EC0-301F-11D3-BF4B-00C04F79EFBC}") = "Ecm.WebReferences", "Ecm.WebReferences\Ecm.WebReferences.csproj", "{80222E88-063C-4DCF-8398-698980E604B7}"
EndProject
Project("{FAE04EC0-301F-11D3-BF4B-00C04F79EFBC}") = "FastJSON", "..\GoobizFrame\FastJSON\FastJSON.csproj", "{207E91B1-C9F8-4913-88E1-3549EF5F3273}"
EndProject
Project("{FAE04EC0-301F-11D3-BF4B-00C04F79EFBC}") = "GoobizFrame.LiveUpdate", "..\GoobizFrame\GoobizFrame.LiveUpdate\GoobizFrame.LiveUpdate.csproj", "{63C0536A-01CD-4895-8B05-FF01CF6C86C0}"
EndProject
Project("{FAE04EC0-301F-11D3-BF4B-00C04F79EFBC}") = "GoobizFrame.Windows", "..\GoobizFrame\GoobizFrame.Windows\GoobizFrame.Windows.csproj", "{C22E273B-BA4C-46E6-9293-53F285ED4FA7}"
EndProject
Project("{FAE04EC0-301F-11D3-BF4B-00C04F79EFBC}") = "UnicodeConverter.NET", "..\GoobizFrame\UnicodeConverter.NET\UnicodeConverter.NET.csproj", "{2F131F6B-7E0C-4E3F-A14B-CE1686886DCE}"
EndProject
Project("{FAE04EC0-301F-11D3-BF4B-00C04F79EFBC}") = "GoobizFrame.Profile", "..\GoobizFrame\GoobizFrame.Profile\GoobizFrame.Profile.csproj", "{F8DE8838-3350-4F1C-9B43-50DFE42DB6A8}"
EndProject
Project("{FAE04EC0-301F-11D3-BF4B-00C04F79EFBC}") = "Ecm.Service.Soap", "Ecm.Service.Soap\Ecm.Service.Soap.csproj", "{10320540-022F-49D3-A0B5-ABE892E99098}"
EndProject
Project("{FAE04EC0-301F-11D3-BF4B-00C04F79EFBC}") = "Ecm.Webservices", "Ecm.Webservices\Ecm.Webservices.csproj", "{9EF13F57-4A79-4B34-9426-4A8E98FD91B7}"
EndProject
Project("{FAE04EC0-301F-11D3-BF4B-00C04F79EFBC}") = "EMCWeb", "EMCWeb\EMCWeb.csproj", "{938BD285-5B1A-45D0-958A-72D2A1215F96}"
EndProject
Project("{FAE04EC0-301F-11D3-BF4B-00C04F79EFBC}") = "SendMail", "SendMail\SendMail.csproj", "{1EEF629A-7C8E-45A6-8B14-E812EA5D92A2}"
EndProject
Project("{FAE04EC0-301F-11D3-BF4B-00C04F79EFBC}") = "ThanhThuy.Web", "..\TapHoaThanhThuy\ThanhThuy.Web\ThanhThuy.Web.csproj", "{FDE37F78-F436-47C6-A68E-8E9D6A29557F}"
EndProject
Global
	GlobalSection(SolutionConfigurationPlatforms) = preSolution
		CD_ROM|.NET = CD_ROM|.NET
		CD_ROM|Any CPU = CD_ROM|Any CPU
		CD_ROM|Mixed Platforms = CD_ROM|Mixed Platforms
		Debug|.NET = Debug|.NET
		Debug|Any CPU = Debug|Any CPU
		Debug|Mixed Platforms = Debug|Mixed Platforms
		DVD-5|.NET = DVD-5|.NET
		DVD-5|Any CPU = DVD-5|Any CPU
		DVD-5|Mixed Platforms = DVD-5|Mixed Platforms
		Release|.NET = Release|.NET
		Release|Any CPU = Release|Any CPU
		Release|Mixed Platforms = Release|Mixed Platforms
		SingleImage|.NET = SingleImage|.NET
		SingleImage|Any CPU = SingleImage|Any CPU
		SingleImage|Mixed Platforms = SingleImage|Mixed Platforms
	EndGlobalSection
	GlobalSection(ProjectConfigurationPlatforms) = postSolution
		{D949923F-A1CD-46DB-9699-1BCD095856A8}.CD_ROM|.NET.ActiveCfg = Release|Any CPU
		{D949923F-A1CD-46DB-9699-1BCD095856A8}.CD_ROM|Any CPU.ActiveCfg = Release|Any CPU
		{D949923F-A1CD-46DB-9699-1BCD095856A8}.CD_ROM|Any CPU.Build.0 = Release|Any CPU
		{D949923F-A1CD-46DB-9699-1BCD095856A8}.CD_ROM|Mixed Platforms.ActiveCfg = Release|Any CPU
		{D949923F-A1CD-46DB-9699-1BCD095856A8}.CD_ROM|Mixed Platforms.Build.0 = Release|Any CPU
		{D949923F-A1CD-46DB-9699-1BCD095856A8}.Debug|.NET.ActiveCfg = Debug|Any CPU
		{D949923F-A1CD-46DB-9699-1BCD095856A8}.Debug|Any CPU.ActiveCfg = Debug|Any CPU
		{D949923F-A1CD-46DB-9699-1BCD095856A8}.Debug|Any CPU.Build.0 = Debug|Any CPU
		{D949923F-A1CD-46DB-9699-1BCD095856A8}.Debug|Mixed Platforms.ActiveCfg = Debug|Any CPU
		{D949923F-A1CD-46DB-9699-1BCD095856A8}.Debug|Mixed Platforms.Build.0 = Debug|Any CPU
		{D949923F-A1CD-46DB-9699-1BCD095856A8}.DVD-5|.NET.ActiveCfg = Debug|Any CPU
		{D949923F-A1CD-46DB-9699-1BCD095856A8}.DVD-5|Any CPU.ActiveCfg = Debug|Any CPU
		{D949923F-A1CD-46DB-9699-1BCD095856A8}.DVD-5|Any CPU.Build.0 = Debug|Any CPU
		{D949923F-A1CD-46DB-9699-1BCD095856A8}.DVD-5|Mixed Platforms.ActiveCfg = Debug|Any CPU
		{D949923F-A1CD-46DB-9699-1BCD095856A8}.DVD-5|Mixed Platforms.Build.0 = Debug|Any CPU
		{D949923F-A1CD-46DB-9699-1BCD095856A8}.Release|.NET.ActiveCfg = Release|Any CPU
		{D949923F-A1CD-46DB-9699-1BCD095856A8}.Release|Any CPU.ActiveCfg = Release|Any CPU
		{D949923F-A1CD-46DB-9699-1BCD095856A8}.Release|Any CPU.Build.0 = Release|Any CPU
		{D949923F-A1CD-46DB-9699-1BCD095856A8}.Release|Mixed Platforms.ActiveCfg = Release|Any CPU
		{D949923F-A1CD-46DB-9699-1BCD095856A8}.Release|Mixed Platforms.Build.0 = Release|Any CPU
		{D949923F-A1CD-46DB-9699-1BCD095856A8}.SingleImage|.NET.ActiveCfg = Release|Any CPU
		{D949923F-A1CD-46DB-9699-1BCD095856A8}.SingleImage|Any CPU.ActiveCfg = Release|Any CPU
		{D949923F-A1CD-46DB-9699-1BCD095856A8}.SingleImage|Any CPU.Build.0 = Release|Any CPU
		{D949923F-A1CD-46DB-9699-1BCD095856A8}.SingleImage|Mixed Platforms.ActiveCfg = Release|Any CPU
		{D949923F-A1CD-46DB-9699-1BCD095856A8}.SingleImage|Mixed Platforms.Build.0 = Release|Any CPU
		{343CAC93-2C71-49E5-9C82-CB678C84F97A}.CD_ROM|.NET.ActiveCfg = Release|Any CPU
		{343CAC93-2C71-49E5-9C82-CB678C84F97A}.CD_ROM|Any CPU.ActiveCfg = Release|Any CPU
		{343CAC93-2C71-49E5-9C82-CB678C84F97A}.CD_ROM|Any CPU.Build.0 = Release|Any CPU
		{343CAC93-2C71-49E5-9C82-CB678C84F97A}.CD_ROM|Mixed Platforms.ActiveCfg = Release|Any CPU
		{343CAC93-2C71-49E5-9C82-CB678C84F97A}.CD_ROM|Mixed Platforms.Build.0 = Release|Any CPU
		{343CAC93-2C71-49E5-9C82-CB678C84F97A}.Debug|.NET.ActiveCfg = Debug|Any CPU
		{343CAC93-2C71-49E5-9C82-CB678C84F97A}.Debug|Any CPU.ActiveCfg = Debug|Any CPU
		{343CAC93-2C71-49E5-9C82-CB678C84F97A}.Debug|Any CPU.Build.0 = Debug|Any CPU
		{343CAC93-2C71-49E5-9C82-CB678C84F97A}.Debug|Mixed Platforms.ActiveCfg = Debug|Any CPU
		{343CAC93-2C71-49E5-9C82-CB678C84F97A}.Debug|Mixed Platforms.Build.0 = Debug|Any CPU
		{343CAC93-2C71-49E5-9C82-CB678C84F97A}.DVD-5|.NET.ActiveCfg = Debug|Any CPU
		{343CAC93-2C71-49E5-9C82-CB678C84F97A}.DVD-5|Any CPU.ActiveCfg = Debug|Any CPU
		{343CAC93-2C71-49E5-9C82-CB678C84F97A}.DVD-5|Any CPU.Build.0 = Debug|Any CPU
		{343CAC93-2C71-49E5-9C82-CB678C84F97A}.DVD-5|Mixed Platforms.ActiveCfg = Debug|Any CPU
		{343CAC93-2C71-49E5-9C82-CB678C84F97A}.DVD-5|Mixed Platforms.Build.0 = Debug|Any CPU
		{343CAC93-2C71-49E5-9C82-CB678C84F97A}.Release|.NET.ActiveCfg = Release|Any CPU
		{343CAC93-2C71-49E5-9C82-CB678C84F97A}.Release|Any CPU.ActiveCfg = Release|Any CPU
		{343CAC93-2C71-49E5-9C82-CB678C84F97A}.Release|Any CPU.Build.0 = Release|Any CPU
		{343CAC93-2C71-49E5-9C82-CB678C84F97A}.Release|Mixed Platforms.ActiveCfg = Release|Any CPU
		{343CAC93-2C71-49E5-9C82-CB678C84F97A}.Release|Mixed Platforms.Build.0 = Release|Any CPU
		{343CAC93-2C71-49E5-9C82-CB678C84F97A}.SingleImage|.NET.ActiveCfg = Release|Any CPU
		{343CAC93-2C71-49E5-9C82-CB678C84F97A}.SingleImage|Any CPU.ActiveCfg = Release|Any CPU
		{343CAC93-2C71-49E5-9C82-CB678C84F97A}.SingleImage|Any CPU.Build.0 = Release|Any CPU
		{343CAC93-2C71-49E5-9C82-CB678C84F97A}.SingleImage|Mixed Platforms.ActiveCfg = Release|Any CPU
		{343CAC93-2C71-49E5-9C82-CB678C84F97A}.SingleImage|Mixed Platforms.Build.0 = Release|Any CPU
		{CB18550F-F06B-4000-8B4E-2F85E0D283CA}.CD_ROM|.NET.ActiveCfg = Release|Any CPU
		{CB18550F-F06B-4000-8B4E-2F85E0D283CA}.CD_ROM|Any CPU.ActiveCfg = Release|Any CPU
		{CB18550F-F06B-4000-8B4E-2F85E0D283CA}.CD_ROM|Any CPU.Build.0 = Release|Any CPU
		{CB18550F-F06B-4000-8B4E-2F85E0D283CA}.CD_ROM|Mixed Platforms.ActiveCfg = Release|Any CPU
		{CB18550F-F06B-4000-8B4E-2F85E0D283CA}.CD_ROM|Mixed Platforms.Build.0 = Release|Any CPU
		{CB18550F-F06B-4000-8B4E-2F85E0D283CA}.Debug|.NET.ActiveCfg = Debug|Any CPU
		{CB18550F-F06B-4000-8B4E-2F85E0D283CA}.Debug|Any CPU.ActiveCfg = Debug|Any CPU
		{CB18550F-F06B-4000-8B4E-2F85E0D283CA}.Debug|Any CPU.Build.0 = Debug|Any CPU
		{CB18550F-F06B-4000-8B4E-2F85E0D283CA}.Debug|Mixed Platforms.ActiveCfg = Debug|Any CPU
		{CB18550F-F06B-4000-8B4E-2F85E0D283CA}.Debug|Mixed Platforms.Build.0 = Debug|Any CPU
		{CB18550F-F06B-4000-8B4E-2F85E0D283CA}.DVD-5|.NET.ActiveCfg = Debug|Any CPU
		{CB18550F-F06B-4000-8B4E-2F85E0D283CA}.DVD-5|Any CPU.ActiveCfg = Debug|Any CPU
		{CB18550F-F06B-4000-8B4E-2F85E0D283CA}.DVD-5|Any CPU.Build.0 = Debug|Any CPU
		{CB18550F-F06B-4000-8B4E-2F85E0D283CA}.DVD-5|Mixed Platforms.ActiveCfg = Debug|Any CPU
		{CB18550F-F06B-4000-8B4E-2F85E0D283CA}.DVD-5|Mixed Platforms.Build.0 = Debug|Any CPU
		{CB18550F-F06B-4000-8B4E-2F85E0D283CA}.Release|.NET.ActiveCfg = Release|Any CPU
		{CB18550F-F06B-4000-8B4E-2F85E0D283CA}.Release|Any CPU.ActiveCfg = Release|Any CPU
		{CB18550F-F06B-4000-8B4E-2F85E0D283CA}.Release|Any CPU.Build.0 = Release|Any CPU
		{CB18550F-F06B-4000-8B4E-2F85E0D283CA}.Release|Mixed Platforms.ActiveCfg = Release|Any CPU
		{CB18550F-F06B-4000-8B4E-2F85E0D283CA}.Release|Mixed Platforms.Build.0 = Release|Any CPU
		{CB18550F-F06B-4000-8B4E-2F85E0D283CA}.SingleImage|.NET.ActiveCfg = Release|Any CPU
		{CB18550F-F06B-4000-8B4E-2F85E0D283CA}.SingleImage|Any CPU.ActiveCfg = Release|Any CPU
		{CB18550F-F06B-4000-8B4E-2F85E0D283CA}.SingleImage|Any CPU.Build.0 = Release|Any CPU
		{CB18550F-F06B-4000-8B4E-2F85E0D283CA}.SingleImage|Mixed Platforms.ActiveCfg = Release|Any CPU
		{CB18550F-F06B-4000-8B4E-2F85E0D283CA}.SingleImage|Mixed Platforms.Build.0 = Release|Any CPU
		{1B3EF560-D489-4693-9A57-B430169FEA33}.CD_ROM|.NET.ActiveCfg = Release|Any CPU
		{1B3EF560-D489-4693-9A57-B430169FEA33}.CD_ROM|Any CPU.ActiveCfg = Release|Any CPU
		{1B3EF560-D489-4693-9A57-B430169FEA33}.CD_ROM|Any CPU.Build.0 = Release|Any CPU
		{1B3EF560-D489-4693-9A57-B430169FEA33}.CD_ROM|Mixed Platforms.ActiveCfg = Release|Any CPU
		{1B3EF560-D489-4693-9A57-B430169FEA33}.CD_ROM|Mixed Platforms.Build.0 = Release|Any CPU
		{1B3EF560-D489-4693-9A57-B430169FEA33}.Debug|.NET.ActiveCfg = Debug|Any CPU
		{1B3EF560-D489-4693-9A57-B430169FEA33}.Debug|Any CPU.ActiveCfg = Debug|Any CPU
		{1B3EF560-D489-4693-9A57-B430169FEA33}.Debug|Any CPU.Build.0 = Debug|Any CPU
		{1B3EF560-D489-4693-9A57-B430169FEA33}.Debug|Mixed Platforms.ActiveCfg = Debug|Any CPU
		{1B3EF560-D489-4693-9A57-B430169FEA33}.Debug|Mixed Platforms.Build.0 = Debug|Any CPU
		{1B3EF560-D489-4693-9A57-B430169FEA33}.DVD-5|.NET.ActiveCfg = Debug|Any CPU
		{1B3EF560-D489-4693-9A57-B430169FEA33}.DVD-5|Any CPU.ActiveCfg = Debug|Any CPU
		{1B3EF560-D489-4693-9A57-B430169FEA33}.DVD-5|Any CPU.Build.0 = Debug|Any CPU
		{1B3EF560-D489-4693-9A57-B430169FEA33}.DVD-5|Mixed Platforms.ActiveCfg = Debug|Any CPU
		{1B3EF560-D489-4693-9A57-B430169FEA33}.DVD-5|Mixed Platforms.Build.0 = Debug|Any CPU
		{1B3EF560-D489-4693-9A57-B430169FEA33}.Release|.NET.ActiveCfg = Release|Any CPU
		{1B3EF560-D489-4693-9A57-B430169FEA33}.Release|Any CPU.ActiveCfg = Release|Any CPU
		{1B3EF560-D489-4693-9A57-B430169FEA33}.Release|Any CPU.Build.0 = Release|Any CPU
		{1B3EF560-D489-4693-9A57-B430169FEA33}.Release|Mixed Platforms.ActiveCfg = Release|Any CPU
		{1B3EF560-D489-4693-9A57-B430169FEA33}.Release|Mixed Platforms.Build.0 = Release|Any CPU
		{1B3EF560-D489-4693-9A57-B430169FEA33}.SingleImage|.NET.ActiveCfg = Release|Any CPU
		{1B3EF560-D489-4693-9A57-B430169FEA33}.SingleImage|Any CPU.ActiveCfg = Release|Any CPU
		{1B3EF560-D489-4693-9A57-B430169FEA33}.SingleImage|Any CPU.Build.0 = Release|Any CPU
		{1B3EF560-D489-4693-9A57-B430169FEA33}.SingleImage|Mixed Platforms.ActiveCfg = Release|Any CPU
		{1B3EF560-D489-4693-9A57-B430169FEA33}.SingleImage|Mixed Platforms.Build.0 = Release|Any CPU
		{B063D20A-90EF-4E2C-BBDC-8795C7995DE8}.CD_ROM|.NET.ActiveCfg = Release|Any CPU
		{B063D20A-90EF-4E2C-BBDC-8795C7995DE8}.CD_ROM|Any CPU.ActiveCfg = Release|Any CPU
		{B063D20A-90EF-4E2C-BBDC-8795C7995DE8}.CD_ROM|Any CPU.Build.0 = Release|Any CPU
		{B063D20A-90EF-4E2C-BBDC-8795C7995DE8}.CD_ROM|Mixed Platforms.ActiveCfg = Release|Any CPU
		{B063D20A-90EF-4E2C-BBDC-8795C7995DE8}.CD_ROM|Mixed Platforms.Build.0 = Release|Any CPU
		{B063D20A-90EF-4E2C-BBDC-8795C7995DE8}.Debug|.NET.ActiveCfg = Debug|Any CPU
		{B063D20A-90EF-4E2C-BBDC-8795C7995DE8}.Debug|Any CPU.ActiveCfg = Debug|Any CPU
		{B063D20A-90EF-4E2C-BBDC-8795C7995DE8}.Debug|Any CPU.Build.0 = Debug|Any CPU
		{B063D20A-90EF-4E2C-BBDC-8795C7995DE8}.Debug|Mixed Platforms.ActiveCfg = Debug|Any CPU
		{B063D20A-90EF-4E2C-BBDC-8795C7995DE8}.Debug|Mixed Platforms.Build.0 = Debug|Any CPU
		{B063D20A-90EF-4E2C-BBDC-8795C7995DE8}.DVD-5|.NET.ActiveCfg = Debug|Any CPU
		{B063D20A-90EF-4E2C-BBDC-8795C7995DE8}.DVD-5|Any CPU.ActiveCfg = Debug|Any CPU
		{B063D20A-90EF-4E2C-BBDC-8795C7995DE8}.DVD-5|Any CPU.Build.0 = Debug|Any CPU
		{B063D20A-90EF-4E2C-BBDC-8795C7995DE8}.DVD-5|Mixed Platforms.ActiveCfg = Debug|Any CPU
		{B063D20A-90EF-4E2C-BBDC-8795C7995DE8}.DVD-5|Mixed Platforms.Build.0 = Debug|Any CPU
		{B063D20A-90EF-4E2C-BBDC-8795C7995DE8}.Release|.NET.ActiveCfg = Release|Any CPU
		{B063D20A-90EF-4E2C-BBDC-8795C7995DE8}.Release|Any CPU.ActiveCfg = Release|Any CPU
		{B063D20A-90EF-4E2C-BBDC-8795C7995DE8}.Release|Any CPU.Build.0 = Release|Any CPU
		{B063D20A-90EF-4E2C-BBDC-8795C7995DE8}.Release|Mixed Platforms.ActiveCfg = Release|Any CPU
		{B063D20A-90EF-4E2C-BBDC-8795C7995DE8}.Release|Mixed Platforms.Build.0 = Release|Any CPU
		{B063D20A-90EF-4E2C-BBDC-8795C7995DE8}.SingleImage|.NET.ActiveCfg = Release|Any CPU
		{B063D20A-90EF-4E2C-BBDC-8795C7995DE8}.SingleImage|Any CPU.ActiveCfg = Release|Any CPU
		{B063D20A-90EF-4E2C-BBDC-8795C7995DE8}.SingleImage|Any CPU.Build.0 = Release|Any CPU
		{B063D20A-90EF-4E2C-BBDC-8795C7995DE8}.SingleImage|Mixed Platforms.ActiveCfg = Release|Any CPU
		{B063D20A-90EF-4E2C-BBDC-8795C7995DE8}.SingleImage|Mixed Platforms.Build.0 = Release|Any CPU
		{7D1DFDAC-E17E-45D6-94F2-42A959F6AAE4}.CD_ROM|.NET.ActiveCfg = Release|Any CPU
		{7D1DFDAC-E17E-45D6-94F2-42A959F6AAE4}.CD_ROM|Any CPU.ActiveCfg = Release|Any CPU
		{7D1DFDAC-E17E-45D6-94F2-42A959F6AAE4}.CD_ROM|Any CPU.Build.0 = Release|Any CPU
		{7D1DFDAC-E17E-45D6-94F2-42A959F6AAE4}.CD_ROM|Mixed Platforms.ActiveCfg = Release|Any CPU
		{7D1DFDAC-E17E-45D6-94F2-42A959F6AAE4}.CD_ROM|Mixed Platforms.Build.0 = Release|Any CPU
		{7D1DFDAC-E17E-45D6-94F2-42A959F6AAE4}.Debug|.NET.ActiveCfg = Debug|Any CPU
		{7D1DFDAC-E17E-45D6-94F2-42A959F6AAE4}.Debug|Any CPU.ActiveCfg = Debug|Any CPU
		{7D1DFDAC-E17E-45D6-94F2-42A959F6AAE4}.Debug|Any CPU.Build.0 = Debug|Any CPU
		{7D1DFDAC-E17E-45D6-94F2-42A959F6AAE4}.Debug|Mixed Platforms.ActiveCfg = Debug|Any CPU
		{7D1DFDAC-E17E-45D6-94F2-42A959F6AAE4}.Debug|Mixed Platforms.Build.0 = Debug|Any CPU
		{7D1DFDAC-E17E-45D6-94F2-42A959F6AAE4}.DVD-5|.NET.ActiveCfg = Debug|Any CPU
		{7D1DFDAC-E17E-45D6-94F2-42A959F6AAE4}.DVD-5|Any CPU.ActiveCfg = Debug|Any CPU
		{7D1DFDAC-E17E-45D6-94F2-42A959F6AAE4}.DVD-5|Any CPU.Build.0 = Debug|Any CPU
		{7D1DFDAC-E17E-45D6-94F2-42A959F6AAE4}.DVD-5|Mixed Platforms.ActiveCfg = Debug|Any CPU
		{7D1DFDAC-E17E-45D6-94F2-42A959F6AAE4}.DVD-5|Mixed Platforms.Build.0 = Debug|Any CPU
		{7D1DFDAC-E17E-45D6-94F2-42A959F6AAE4}.Release|.NET.ActiveCfg = Release|Any CPU
		{7D1DFDAC-E17E-45D6-94F2-42A959F6AAE4}.Release|Any CPU.ActiveCfg = Release|Any CPU
		{7D1DFDAC-E17E-45D6-94F2-42A959F6AAE4}.Release|Any CPU.Build.0 = Release|Any CPU
		{7D1DFDAC-E17E-45D6-94F2-42A959F6AAE4}.Release|Mixed Platforms.ActiveCfg = Release|Any CPU
		{7D1DFDAC-E17E-45D6-94F2-42A959F6AAE4}.Release|Mixed Platforms.Build.0 = Release|Any CPU
		{7D1DFDAC-E17E-45D6-94F2-42A959F6AAE4}.SingleImage|.NET.ActiveCfg = Release|Any CPU
		{7D1DFDAC-E17E-45D6-94F2-42A959F6AAE4}.SingleImage|Any CPU.ActiveCfg = Release|Any CPU
		{7D1DFDAC-E17E-45D6-94F2-42A959F6AAE4}.SingleImage|Any CPU.Build.0 = Release|Any CPU
		{7D1DFDAC-E17E-45D6-94F2-42A959F6AAE4}.SingleImage|Mixed Platforms.ActiveCfg = Release|Any CPU
		{7D1DFDAC-E17E-45D6-94F2-42A959F6AAE4}.SingleImage|Mixed Platforms.Build.0 = Release|Any CPU
		{DF7BE7D8-3F8E-4128-A0BB-115AE597F756}.CD_ROM|.NET.ActiveCfg = Release|Any CPU
		{DF7BE7D8-3F8E-4128-A0BB-115AE597F756}.CD_ROM|Any CPU.ActiveCfg = Release|Any CPU
		{DF7BE7D8-3F8E-4128-A0BB-115AE597F756}.CD_ROM|Any CPU.Build.0 = Release|Any CPU
		{DF7BE7D8-3F8E-4128-A0BB-115AE597F756}.CD_ROM|Mixed Platforms.ActiveCfg = Release|Any CPU
		{DF7BE7D8-3F8E-4128-A0BB-115AE597F756}.CD_ROM|Mixed Platforms.Build.0 = Release|Any CPU
		{DF7BE7D8-3F8E-4128-A0BB-115AE597F756}.Debug|.NET.ActiveCfg = Debug|Any CPU
		{DF7BE7D8-3F8E-4128-A0BB-115AE597F756}.Debug|Any CPU.ActiveCfg = Debug|Any CPU
		{DF7BE7D8-3F8E-4128-A0BB-115AE597F756}.Debug|Any CPU.Build.0 = Debug|Any CPU
		{DF7BE7D8-3F8E-4128-A0BB-115AE597F756}.Debug|Mixed Platforms.ActiveCfg = Debug|Any CPU
		{DF7BE7D8-3F8E-4128-A0BB-115AE597F756}.Debug|Mixed Platforms.Build.0 = Debug|Any CPU
		{DF7BE7D8-3F8E-4128-A0BB-115AE597F756}.DVD-5|.NET.ActiveCfg = Debug|Any CPU
		{DF7BE7D8-3F8E-4128-A0BB-115AE597F756}.DVD-5|Any CPU.ActiveCfg = Debug|Any CPU
		{DF7BE7D8-3F8E-4128-A0BB-115AE597F756}.DVD-5|Any CPU.Build.0 = Debug|Any CPU
		{DF7BE7D8-3F8E-4128-A0BB-115AE597F756}.DVD-5|Mixed Platforms.ActiveCfg = Debug|Any CPU
		{DF7BE7D8-3F8E-4128-A0BB-115AE597F756}.DVD-5|Mixed Platforms.Build.0 = Debug|Any CPU
		{DF7BE7D8-3F8E-4128-A0BB-115AE597F756}.Release|.NET.ActiveCfg = Release|Any CPU
		{DF7BE7D8-3F8E-4128-A0BB-115AE597F756}.Release|Any CPU.ActiveCfg = Release|Any CPU
		{DF7BE7D8-3F8E-4128-A0BB-115AE597F756}.Release|Any CPU.Build.0 = Release|Any CPU
		{DF7BE7D8-3F8E-4128-A0BB-115AE597F756}.Release|Mixed Platforms.ActiveCfg = Release|Any CPU
		{DF7BE7D8-3F8E-4128-A0BB-115AE597F756}.Release|Mixed Platforms.Build.0 = Release|Any CPU
		{DF7BE7D8-3F8E-4128-A0BB-115AE597F756}.SingleImage|.NET.ActiveCfg = Release|Any CPU
		{DF7BE7D8-3F8E-4128-A0BB-115AE597F756}.SingleImage|Any CPU.ActiveCfg = Release|Any CPU
		{DF7BE7D8-3F8E-4128-A0BB-115AE597F756}.SingleImage|Any CPU.Build.0 = Release|Any CPU
		{DF7BE7D8-3F8E-4128-A0BB-115AE597F756}.SingleImage|Mixed Platforms.ActiveCfg = Release|Any CPU
		{DF7BE7D8-3F8E-4128-A0BB-115AE597F756}.SingleImage|Mixed Platforms.Build.0 = Release|Any CPU
		{F8DFD116-CCF8-4B03-BAF5-2F62FBCC01BE}.CD_ROM|.NET.ActiveCfg = Release|Any CPU
		{F8DFD116-CCF8-4B03-BAF5-2F62FBCC01BE}.CD_ROM|Any CPU.ActiveCfg = Release|Any CPU
		{F8DFD116-CCF8-4B03-BAF5-2F62FBCC01BE}.CD_ROM|Any CPU.Build.0 = Release|Any CPU
		{F8DFD116-CCF8-4B03-BAF5-2F62FBCC01BE}.CD_ROM|Mixed Platforms.ActiveCfg = Release|Any CPU
		{F8DFD116-CCF8-4B03-BAF5-2F62FBCC01BE}.CD_ROM|Mixed Platforms.Build.0 = Release|Any CPU
		{F8DFD116-CCF8-4B03-BAF5-2F62FBCC01BE}.Debug|.NET.ActiveCfg = Debug|Any CPU
		{F8DFD116-CCF8-4B03-BAF5-2F62FBCC01BE}.Debug|Any CPU.ActiveCfg = Debug|Any CPU
		{F8DFD116-CCF8-4B03-BAF5-2F62FBCC01BE}.Debug|Any CPU.Build.0 = Debug|Any CPU
		{F8DFD116-CCF8-4B03-BAF5-2F62FBCC01BE}.Debug|Mixed Platforms.ActiveCfg = Debug|Any CPU
		{F8DFD116-CCF8-4B03-BAF5-2F62FBCC01BE}.Debug|Mixed Platforms.Build.0 = Debug|Any CPU
		{F8DFD116-CCF8-4B03-BAF5-2F62FBCC01BE}.DVD-5|.NET.ActiveCfg = Debug|Any CPU
		{F8DFD116-CCF8-4B03-BAF5-2F62FBCC01BE}.DVD-5|Any CPU.ActiveCfg = Debug|Any CPU
		{F8DFD116-CCF8-4B03-BAF5-2F62FBCC01BE}.DVD-5|Any CPU.Build.0 = Debug|Any CPU
		{F8DFD116-CCF8-4B03-BAF5-2F62FBCC01BE}.DVD-5|Mixed Platforms.ActiveCfg = Debug|Any CPU
		{F8DFD116-CCF8-4B03-BAF5-2F62FBCC01BE}.DVD-5|Mixed Platforms.Build.0 = Debug|Any CPU
		{F8DFD116-CCF8-4B03-BAF5-2F62FBCC01BE}.Release|.NET.ActiveCfg = Release|Any CPU
		{F8DFD116-CCF8-4B03-BAF5-2F62FBCC01BE}.Release|Any CPU.ActiveCfg = Release|Any CPU
		{F8DFD116-CCF8-4B03-BAF5-2F62FBCC01BE}.Release|Any CPU.Build.0 = Release|Any CPU
		{F8DFD116-CCF8-4B03-BAF5-2F62FBCC01BE}.Release|Mixed Platforms.ActiveCfg = Release|Any CPU
		{F8DFD116-CCF8-4B03-BAF5-2F62FBCC01BE}.Release|Mixed Platforms.Build.0 = Release|Any CPU
		{F8DFD116-CCF8-4B03-BAF5-2F62FBCC01BE}.SingleImage|.NET.ActiveCfg = Release|Any CPU
		{F8DFD116-CCF8-4B03-BAF5-2F62FBCC01BE}.SingleImage|Any CPU.ActiveCfg = Release|Any CPU
		{F8DFD116-CCF8-4B03-BAF5-2F62FBCC01BE}.SingleImage|Any CPU.Build.0 = Release|Any CPU
		{F8DFD116-CCF8-4B03-BAF5-2F62FBCC01BE}.SingleImage|Mixed Platforms.ActiveCfg = Release|Any CPU
		{F8DFD116-CCF8-4B03-BAF5-2F62FBCC01BE}.SingleImage|Mixed Platforms.Build.0 = Release|Any CPU
		{1971B97A-D2BD-43CD-BE6A-CDB8B907DA5E}.CD_ROM|.NET.ActiveCfg = Release|Any CPU
		{1971B97A-D2BD-43CD-BE6A-CDB8B907DA5E}.CD_ROM|Any CPU.ActiveCfg = Release|Any CPU
		{1971B97A-D2BD-43CD-BE6A-CDB8B907DA5E}.CD_ROM|Any CPU.Build.0 = Release|Any CPU
		{1971B97A-D2BD-43CD-BE6A-CDB8B907DA5E}.CD_ROM|Mixed Platforms.ActiveCfg = Release|Any CPU
		{1971B97A-D2BD-43CD-BE6A-CDB8B907DA5E}.CD_ROM|Mixed Platforms.Build.0 = Release|Any CPU
		{1971B97A-D2BD-43CD-BE6A-CDB8B907DA5E}.Debug|.NET.ActiveCfg = Debug|Any CPU
		{1971B97A-D2BD-43CD-BE6A-CDB8B907DA5E}.Debug|Any CPU.ActiveCfg = Debug|Any CPU
		{1971B97A-D2BD-43CD-BE6A-CDB8B907DA5E}.Debug|Any CPU.Build.0 = Debug|Any CPU
		{1971B97A-D2BD-43CD-BE6A-CDB8B907DA5E}.Debug|Mixed Platforms.ActiveCfg = Debug|Any CPU
		{1971B97A-D2BD-43CD-BE6A-CDB8B907DA5E}.Debug|Mixed Platforms.Build.0 = Debug|Any CPU
		{1971B97A-D2BD-43CD-BE6A-CDB8B907DA5E}.DVD-5|.NET.ActiveCfg = Debug|Any CPU
		{1971B97A-D2BD-43CD-BE6A-CDB8B907DA5E}.DVD-5|Any CPU.ActiveCfg = Debug|Any CPU
		{1971B97A-D2BD-43CD-BE6A-CDB8B907DA5E}.DVD-5|Any CPU.Build.0 = Debug|Any CPU
		{1971B97A-D2BD-43CD-BE6A-CDB8B907DA5E}.DVD-5|Mixed Platforms.ActiveCfg = Debug|Any CPU
		{1971B97A-D2BD-43CD-BE6A-CDB8B907DA5E}.DVD-5|Mixed Platforms.Build.0 = Debug|Any CPU
		{1971B97A-D2BD-43CD-BE6A-CDB8B907DA5E}.Release|.NET.ActiveCfg = Release|Any CPU
		{1971B97A-D2BD-43CD-BE6A-CDB8B907DA5E}.Release|Any CPU.ActiveCfg = Release|Any CPU
		{1971B97A-D2BD-43CD-BE6A-CDB8B907DA5E}.Release|Any CPU.Build.0 = Release|Any CPU
		{1971B97A-D2BD-43CD-BE6A-CDB8B907DA5E}.Release|Mixed Platforms.ActiveCfg = Release|Any CPU
		{1971B97A-D2BD-43CD-BE6A-CDB8B907DA5E}.Release|Mixed Platforms.Build.0 = Release|Any CPU
		{1971B97A-D2BD-43CD-BE6A-CDB8B907DA5E}.SingleImage|.NET.ActiveCfg = Release|Any CPU
		{1971B97A-D2BD-43CD-BE6A-CDB8B907DA5E}.SingleImage|Any CPU.ActiveCfg = Release|Any CPU
		{1971B97A-D2BD-43CD-BE6A-CDB8B907DA5E}.SingleImage|Any CPU.Build.0 = Release|Any CPU
		{1971B97A-D2BD-43CD-BE6A-CDB8B907DA5E}.SingleImage|Mixed Platforms.ActiveCfg = Release|Any CPU
		{1971B97A-D2BD-43CD-BE6A-CDB8B907DA5E}.SingleImage|Mixed Platforms.Build.0 = Release|Any CPU
		{80222E88-063C-4DCF-8398-698980E604B7}.CD_ROM|.NET.ActiveCfg = Release|Any CPU
		{80222E88-063C-4DCF-8398-698980E604B7}.CD_ROM|Any CPU.ActiveCfg = Release|Any CPU
		{80222E88-063C-4DCF-8398-698980E604B7}.CD_ROM|Any CPU.Build.0 = Release|Any CPU
		{80222E88-063C-4DCF-8398-698980E604B7}.CD_ROM|Mixed Platforms.ActiveCfg = Release|Any CPU
		{80222E88-063C-4DCF-8398-698980E604B7}.CD_ROM|Mixed Platforms.Build.0 = Release|Any CPU
		{80222E88-063C-4DCF-8398-698980E604B7}.Debug|.NET.ActiveCfg = Debug|Any CPU
		{80222E88-063C-4DCF-8398-698980E604B7}.Debug|Any CPU.ActiveCfg = Debug|Any CPU
		{80222E88-063C-4DCF-8398-698980E604B7}.Debug|Any CPU.Build.0 = Debug|Any CPU
		{80222E88-063C-4DCF-8398-698980E604B7}.Debug|Mixed Platforms.ActiveCfg = Debug|Any CPU
		{80222E88-063C-4DCF-8398-698980E604B7}.Debug|Mixed Platforms.Build.0 = Debug|Any CPU
		{80222E88-063C-4DCF-8398-698980E604B7}.DVD-5|.NET.ActiveCfg = Debug|Any CPU
		{80222E88-063C-4DCF-8398-698980E604B7}.DVD-5|Any CPU.ActiveCfg = Debug|Any CPU
		{80222E88-063C-4DCF-8398-698980E604B7}.DVD-5|Any CPU.Build.0 = Debug|Any CPU
		{80222E88-063C-4DCF-8398-698980E604B7}.DVD-5|Mixed Platforms.ActiveCfg = Debug|Any CPU
		{80222E88-063C-4DCF-8398-698980E604B7}.DVD-5|Mixed Platforms.Build.0 = Debug|Any CPU
		{80222E88-063C-4DCF-8398-698980E604B7}.Release|.NET.ActiveCfg = Release|Any CPU
		{80222E88-063C-4DCF-8398-698980E604B7}.Release|Any CPU.ActiveCfg = Release|Any CPU
		{80222E88-063C-4DCF-8398-698980E604B7}.Release|Any CPU.Build.0 = Release|Any CPU
		{80222E88-063C-4DCF-8398-698980E604B7}.Release|Mixed Platforms.ActiveCfg = Release|Any CPU
		{80222E88-063C-4DCF-8398-698980E604B7}.Release|Mixed Platforms.Build.0 = Release|Any CPU
		{80222E88-063C-4DCF-8398-698980E604B7}.SingleImage|.NET.ActiveCfg = Release|Any CPU
		{80222E88-063C-4DCF-8398-698980E604B7}.SingleImage|Any CPU.ActiveCfg = Release|Any CPU
		{80222E88-063C-4DCF-8398-698980E604B7}.SingleImage|Any CPU.Build.0 = Release|Any CPU
		{80222E88-063C-4DCF-8398-698980E604B7}.SingleImage|Mixed Platforms.ActiveCfg = Release|Any CPU
		{80222E88-063C-4DCF-8398-698980E604B7}.SingleImage|Mixed Platforms.Build.0 = Release|Any CPU
		{207E91B1-C9F8-4913-88E1-3549EF5F3273}.CD_ROM|.NET.ActiveCfg = Release|Any CPU
		{207E91B1-C9F8-4913-88E1-3549EF5F3273}.CD_ROM|Any CPU.ActiveCfg = Release|Any CPU
		{207E91B1-C9F8-4913-88E1-3549EF5F3273}.CD_ROM|Mixed Platforms.ActiveCfg = Release|Any CPU
		{207E91B1-C9F8-4913-88E1-3549EF5F3273}.Debug|.NET.ActiveCfg = Debug|Any CPU
		{207E91B1-C9F8-4913-88E1-3549EF5F3273}.Debug|Any CPU.ActiveCfg = Debug|Any CPU
		{207E91B1-C9F8-4913-88E1-3549EF5F3273}.Debug|Any CPU.Build.0 = Debug|Any CPU
		{207E91B1-C9F8-4913-88E1-3549EF5F3273}.Debug|Mixed Platforms.ActiveCfg = Debug|Any CPU
		{207E91B1-C9F8-4913-88E1-3549EF5F3273}.Debug|Mixed Platforms.Build.0 = Debug|Any CPU
		{207E91B1-C9F8-4913-88E1-3549EF5F3273}.DVD-5|.NET.ActiveCfg = Debug|Any CPU
		{207E91B1-C9F8-4913-88E1-3549EF5F3273}.DVD-5|Any CPU.ActiveCfg = Debug|Any CPU
		{207E91B1-C9F8-4913-88E1-3549EF5F3273}.DVD-5|Mixed Platforms.ActiveCfg = Debug|Any CPU
		{207E91B1-C9F8-4913-88E1-3549EF5F3273}.Release|.NET.ActiveCfg = Release|Any CPU
		{207E91B1-C9F8-4913-88E1-3549EF5F3273}.Release|Any CPU.ActiveCfg = Release|Any CPU
		{207E91B1-C9F8-4913-88E1-3549EF5F3273}.Release|Any CPU.Build.0 = Release|Any CPU
		{207E91B1-C9F8-4913-88E1-3549EF5F3273}.Release|Mixed Platforms.ActiveCfg = Release|Any CPU
		{207E91B1-C9F8-4913-88E1-3549EF5F3273}.Release|Mixed Platforms.Build.0 = Release|Any CPU
		{207E91B1-C9F8-4913-88E1-3549EF5F3273}.SingleImage|.NET.ActiveCfg = Release|Any CPU
		{207E91B1-C9F8-4913-88E1-3549EF5F3273}.SingleImage|Any CPU.ActiveCfg = Release|Any CPU
		{207E91B1-C9F8-4913-88E1-3549EF5F3273}.SingleImage|Mixed Platforms.ActiveCfg = Release|Any CPU
		{63C0536A-01CD-4895-8B05-FF01CF6C86C0}.CD_ROM|.NET.ActiveCfg = Release|Any CPU
		{63C0536A-01CD-4895-8B05-FF01CF6C86C0}.CD_ROM|Any CPU.ActiveCfg = Release|Any CPU
		{63C0536A-01CD-4895-8B05-FF01CF6C86C0}.CD_ROM|Mixed Platforms.ActiveCfg = Release|Any CPU
		{63C0536A-01CD-4895-8B05-FF01CF6C86C0}.Debug|.NET.ActiveCfg = Debug|Any CPU
		{63C0536A-01CD-4895-8B05-FF01CF6C86C0}.Debug|Any CPU.ActiveCfg = Debug|Any CPU
		{63C0536A-01CD-4895-8B05-FF01CF6C86C0}.Debug|Any CPU.Build.0 = Debug|Any CPU
		{63C0536A-01CD-4895-8B05-FF01CF6C86C0}.Debug|Mixed Platforms.ActiveCfg = Debug|Any CPU
		{63C0536A-01CD-4895-8B05-FF01CF6C86C0}.Debug|Mixed Platforms.Build.0 = Debug|Any CPU
		{63C0536A-01CD-4895-8B05-FF01CF6C86C0}.DVD-5|.NET.ActiveCfg = Debug|Any CPU
		{63C0536A-01CD-4895-8B05-FF01CF6C86C0}.DVD-5|Any CPU.ActiveCfg = Debug|Any CPU
		{63C0536A-01CD-4895-8B05-FF01CF6C86C0}.DVD-5|Mixed Platforms.ActiveCfg = Debug|Any CPU
		{63C0536A-01CD-4895-8B05-FF01CF6C86C0}.Release|.NET.ActiveCfg = Release|Any CPU
		{63C0536A-01CD-4895-8B05-FF01CF6C86C0}.Release|Any CPU.ActiveCfg = Release|Any CPU
		{63C0536A-01CD-4895-8B05-FF01CF6C86C0}.Release|Any CPU.Build.0 = Release|Any CPU
		{63C0536A-01CD-4895-8B05-FF01CF6C86C0}.Release|Mixed Platforms.ActiveCfg = Release|Any CPU
		{63C0536A-01CD-4895-8B05-FF01CF6C86C0}.Release|Mixed Platforms.Build.0 = Release|Any CPU
		{63C0536A-01CD-4895-8B05-FF01CF6C86C0}.SingleImage|.NET.ActiveCfg = Release|Any CPU
		{63C0536A-01CD-4895-8B05-FF01CF6C86C0}.SingleImage|Any CPU.ActiveCfg = Release|Any CPU
		{63C0536A-01CD-4895-8B05-FF01CF6C86C0}.SingleImage|Mixed Platforms.ActiveCfg = Release|Any CPU
		{C22E273B-BA4C-46E6-9293-53F285ED4FA7}.CD_ROM|.NET.ActiveCfg = Release|Any CPU
		{C22E273B-BA4C-46E6-9293-53F285ED4FA7}.CD_ROM|Any CPU.ActiveCfg = Release|Any CPU
		{C22E273B-BA4C-46E6-9293-53F285ED4FA7}.CD_ROM|Mixed Platforms.ActiveCfg = Release|Any CPU
		{C22E273B-BA4C-46E6-9293-53F285ED4FA7}.Debug|.NET.ActiveCfg = Debug|Any CPU
		{C22E273B-BA4C-46E6-9293-53F285ED4FA7}.Debug|Any CPU.ActiveCfg = Debug|Any CPU
		{C22E273B-BA4C-46E6-9293-53F285ED4FA7}.Debug|Any CPU.Build.0 = Debug|Any CPU
		{C22E273B-BA4C-46E6-9293-53F285ED4FA7}.Debug|Mixed Platforms.ActiveCfg = Debug|Any CPU
		{C22E273B-BA4C-46E6-9293-53F285ED4FA7}.Debug|Mixed Platforms.Build.0 = Debug|Any CPU
		{C22E273B-BA4C-46E6-9293-53F285ED4FA7}.DVD-5|.NET.ActiveCfg = Debug|Any CPU
		{C22E273B-BA4C-46E6-9293-53F285ED4FA7}.DVD-5|Any CPU.ActiveCfg = Debug|Any CPU
		{C22E273B-BA4C-46E6-9293-53F285ED4FA7}.DVD-5|Mixed Platforms.ActiveCfg = Debug|Any CPU
		{C22E273B-BA4C-46E6-9293-53F285ED4FA7}.Release|.NET.ActiveCfg = Release|Any CPU
		{C22E273B-BA4C-46E6-9293-53F285ED4FA7}.Release|Any CPU.ActiveCfg = Release|Any CPU
		{C22E273B-BA4C-46E6-9293-53F285ED4FA7}.Release|Any CPU.Build.0 = Release|Any CPU
		{C22E273B-BA4C-46E6-9293-53F285ED4FA7}.Release|Mixed Platforms.ActiveCfg = Release|Any CPU
		{C22E273B-BA4C-46E6-9293-53F285ED4FA7}.Release|Mixed Platforms.Build.0 = Release|Any CPU
		{C22E273B-BA4C-46E6-9293-53F285ED4FA7}.SingleImage|.NET.ActiveCfg = Release|Any CPU
		{C22E273B-BA4C-46E6-9293-53F285ED4FA7}.SingleImage|Any CPU.ActiveCfg = Release|Any CPU
		{C22E273B-BA4C-46E6-9293-53F285ED4FA7}.SingleImage|Mixed Platforms.ActiveCfg = Release|Any CPU
		{2F131F6B-7E0C-4E3F-A14B-CE1686886DCE}.CD_ROM|.NET.ActiveCfg = Release|Any CPU
		{2F131F6B-7E0C-4E3F-A14B-CE1686886DCE}.CD_ROM|Any CPU.ActiveCfg = Release|Any CPU
		{2F131F6B-7E0C-4E3F-A14B-CE1686886DCE}.CD_ROM|Mixed Platforms.ActiveCfg = Release|Any CPU
		{2F131F6B-7E0C-4E3F-A14B-CE1686886DCE}.Debug|.NET.ActiveCfg = Debug|Any CPU
		{2F131F6B-7E0C-4E3F-A14B-CE1686886DCE}.Debug|Any CPU.ActiveCfg = Debug|Any CPU
		{2F131F6B-7E0C-4E3F-A14B-CE1686886DCE}.Debug|Any CPU.Build.0 = Debug|Any CPU
		{2F131F6B-7E0C-4E3F-A14B-CE1686886DCE}.Debug|Mixed Platforms.ActiveCfg = Debug|Any CPU
		{2F131F6B-7E0C-4E3F-A14B-CE1686886DCE}.Debug|Mixed Platforms.Build.0 = Debug|Any CPU
		{2F131F6B-7E0C-4E3F-A14B-CE1686886DCE}.DVD-5|.NET.ActiveCfg = Debug|Any CPU
		{2F131F6B-7E0C-4E3F-A14B-CE1686886DCE}.DVD-5|Any CPU.ActiveCfg = Debug|Any CPU
		{2F131F6B-7E0C-4E3F-A14B-CE1686886DCE}.DVD-5|Mixed Platforms.ActiveCfg = Debug|Any CPU
		{2F131F6B-7E0C-4E3F-A14B-CE1686886DCE}.Release|.NET.ActiveCfg = Release|Any CPU
		{2F131F6B-7E0C-4E3F-A14B-CE1686886DCE}.Release|Any CPU.ActiveCfg = Release|Any CPU
		{2F131F6B-7E0C-4E3F-A14B-CE1686886DCE}.Release|Any CPU.Build.0 = Release|Any CPU
		{2F131F6B-7E0C-4E3F-A14B-CE1686886DCE}.Release|Mixed Platforms.ActiveCfg = Release|Any CPU
		{2F131F6B-7E0C-4E3F-A14B-CE1686886DCE}.Release|Mixed Platforms.Build.0 = Release|Any CPU
		{2F131F6B-7E0C-4E3F-A14B-CE1686886DCE}.SingleImage|.NET.ActiveCfg = Release|Any CPU
		{2F131F6B-7E0C-4E3F-A14B-CE1686886DCE}.SingleImage|Any CPU.ActiveCfg = Release|Any CPU
		{2F131F6B-7E0C-4E3F-A14B-CE1686886DCE}.SingleImage|Mixed Platforms.ActiveCfg = Release|Any CPU
		{F8DE8838-3350-4F1C-9B43-50DFE42DB6A8}.CD_ROM|.NET.ActiveCfg = Release|Any CPU
		{F8DE8838-3350-4F1C-9B43-50DFE42DB6A8}.CD_ROM|Any CPU.ActiveCfg = Release|Any CPU
		{F8DE8838-3350-4F1C-9B43-50DFE42DB6A8}.CD_ROM|Mixed Platforms.ActiveCfg = Release|Any CPU
		{F8DE8838-3350-4F1C-9B43-50DFE42DB6A8}.Debug|.NET.ActiveCfg = Debug|Any CPU
		{F8DE8838-3350-4F1C-9B43-50DFE42DB6A8}.Debug|Any CPU.ActiveCfg = Debug|Any CPU
		{F8DE8838-3350-4F1C-9B43-50DFE42DB6A8}.Debug|Any CPU.Build.0 = Debug|Any CPU
		{F8DE8838-3350-4F1C-9B43-50DFE42DB6A8}.Debug|Mixed Platforms.ActiveCfg = Debug|Any CPU
		{F8DE8838-3350-4F1C-9B43-50DFE42DB6A8}.Debug|Mixed Platforms.Build.0 = Debug|Any CPU
		{F8DE8838-3350-4F1C-9B43-50DFE42DB6A8}.DVD-5|.NET.ActiveCfg = Debug|Any CPU
		{F8DE8838-3350-4F1C-9B43-50DFE42DB6A8}.DVD-5|Any CPU.ActiveCfg = Debug|Any CPU
		{F8DE8838-3350-4F1C-9B43-50DFE42DB6A8}.DVD-5|Mixed Platforms.ActiveCfg = Debug|Any CPU
		{F8DE8838-3350-4F1C-9B43-50DFE42DB6A8}.Release|.NET.ActiveCfg = Release|Any CPU
		{F8DE8838-3350-4F1C-9B43-50DFE42DB6A8}.Release|Any CPU.ActiveCfg = Release|Any CPU
		{F8DE8838-3350-4F1C-9B43-50DFE42DB6A8}.Release|Any CPU.Build.0 = Release|Any CPU
		{F8DE8838-3350-4F1C-9B43-50DFE42DB6A8}.Release|Mixed Platforms.ActiveCfg = Release|Any CPU
		{F8DE8838-3350-4F1C-9B43-50DFE42DB6A8}.Release|Mixed Platforms.Build.0 = Release|Any CPU
		{F8DE8838-3350-4F1C-9B43-50DFE42DB6A8}.SingleImage|.NET.ActiveCfg = Release|Any CPU
		{F8DE8838-3350-4F1C-9B43-50DFE42DB6A8}.SingleImage|Any CPU.ActiveCfg = Release|Any CPU
		{F8DE8838-3350-4F1C-9B43-50DFE42DB6A8}.SingleImage|Mixed Platforms.ActiveCfg = Release|Any CPU
		{10320540-022F-49D3-A0B5-ABE892E99098}.CD_ROM|.NET.ActiveCfg = Release|Any CPU
		{10320540-022F-49D3-A0B5-ABE892E99098}.CD_ROM|Any CPU.ActiveCfg = Release|Any CPU
		{10320540-022F-49D3-A0B5-ABE892E99098}.CD_ROM|Any CPU.Build.0 = Release|Any CPU
		{10320540-022F-49D3-A0B5-ABE892E99098}.CD_ROM|Mixed Platforms.ActiveCfg = Release|Any CPU
		{10320540-022F-49D3-A0B5-ABE892E99098}.CD_ROM|Mixed Platforms.Build.0 = Release|Any CPU
		{10320540-022F-49D3-A0B5-ABE892E99098}.Debug|.NET.ActiveCfg = Debug|Any CPU
		{10320540-022F-49D3-A0B5-ABE892E99098}.Debug|Any CPU.ActiveCfg = Debug|Any CPU
		{10320540-022F-49D3-A0B5-ABE892E99098}.Debug|Any CPU.Build.0 = Debug|Any CPU
		{10320540-022F-49D3-A0B5-ABE892E99098}.Debug|Mixed Platforms.ActiveCfg = Debug|Any CPU
		{10320540-022F-49D3-A0B5-ABE892E99098}.Debug|Mixed Platforms.Build.0 = Debug|Any CPU
		{10320540-022F-49D3-A0B5-ABE892E99098}.DVD-5|.NET.ActiveCfg = Debug|Any CPU
		{10320540-022F-49D3-A0B5-ABE892E99098}.DVD-5|Any CPU.ActiveCfg = Debug|Any CPU
		{10320540-022F-49D3-A0B5-ABE892E99098}.DVD-5|Any CPU.Build.0 = Debug|Any CPU
		{10320540-022F-49D3-A0B5-ABE892E99098}.DVD-5|Mixed Platforms.ActiveCfg = Debug|Any CPU
		{10320540-022F-49D3-A0B5-ABE892E99098}.DVD-5|Mixed Platforms.Build.0 = Debug|Any CPU
		{10320540-022F-49D3-A0B5-ABE892E99098}.Release|.NET.ActiveCfg = Release|Any CPU
		{10320540-022F-49D3-A0B5-ABE892E99098}.Release|Any CPU.ActiveCfg = Release|Any CPU
		{10320540-022F-49D3-A0B5-ABE892E99098}.Release|Any CPU.Build.0 = Release|Any CPU
		{10320540-022F-49D3-A0B5-ABE892E99098}.Release|Mixed Platforms.ActiveCfg = Release|Any CPU
		{10320540-022F-49D3-A0B5-ABE892E99098}.Release|Mixed Platforms.Build.0 = Release|Any CPU
		{10320540-022F-49D3-A0B5-ABE892E99098}.SingleImage|.NET.ActiveCfg = Release|Any CPU
		{10320540-022F-49D3-A0B5-ABE892E99098}.SingleImage|Any CPU.ActiveCfg = Release|Any CPU
		{10320540-022F-49D3-A0B5-ABE892E99098}.SingleImage|Any CPU.Build.0 = Release|Any CPU
		{10320540-022F-49D3-A0B5-ABE892E99098}.SingleImage|Mixed Platforms.ActiveCfg = Release|Any CPU
		{10320540-022F-49D3-A0B5-ABE892E99098}.SingleImage|Mixed Platforms.Build.0 = Release|Any CPU
		{9EF13F57-4A79-4B34-9426-4A8E98FD91B7}.CD_ROM|.NET.ActiveCfg = Release|Any CPU
		{9EF13F57-4A79-4B34-9426-4A8E98FD91B7}.CD_ROM|Any CPU.ActiveCfg = Release|Any CPU
		{9EF13F57-4A79-4B34-9426-4A8E98FD91B7}.CD_ROM|Any CPU.Build.0 = Release|Any CPU
		{9EF13F57-4A79-4B34-9426-4A8E98FD91B7}.CD_ROM|Mixed Platforms.ActiveCfg = Release|Any CPU
		{9EF13F57-4A79-4B34-9426-4A8E98FD91B7}.CD_ROM|Mixed Platforms.Build.0 = Release|Any CPU
		{9EF13F57-4A79-4B34-9426-4A8E98FD91B7}.Debug|.NET.ActiveCfg = Debug|Any CPU
		{9EF13F57-4A79-4B34-9426-4A8E98FD91B7}.Debug|Any CPU.ActiveCfg = Debug|Any CPU
		{9EF13F57-4A79-4B34-9426-4A8E98FD91B7}.Debug|Any CPU.Build.0 = Debug|Any CPU
		{9EF13F57-4A79-4B34-9426-4A8E98FD91B7}.Debug|Mixed Platforms.ActiveCfg = Debug|Any CPU
		{9EF13F57-4A79-4B34-9426-4A8E98FD91B7}.Debug|Mixed Platforms.Build.0 = Debug|Any CPU
		{9EF13F57-4A79-4B34-9426-4A8E98FD91B7}.DVD-5|.NET.ActiveCfg = Debug|Any CPU
		{9EF13F57-4A79-4B34-9426-4A8E98FD91B7}.DVD-5|Any CPU.ActiveCfg = Debug|Any CPU
		{9EF13F57-4A79-4B34-9426-4A8E98FD91B7}.DVD-5|Any CPU.Build.0 = Debug|Any CPU
		{9EF13F57-4A79-4B34-9426-4A8E98FD91B7}.DVD-5|Mixed Platforms.ActiveCfg = Debug|Any CPU
		{9EF13F57-4A79-4B34-9426-4A8E98FD91B7}.DVD-5|Mixed Platforms.Build.0 = Debug|Any CPU
		{9EF13F57-4A79-4B34-9426-4A8E98FD91B7}.Release|.NET.ActiveCfg = Release|Any CPU
		{9EF13F57-4A79-4B34-9426-4A8E98FD91B7}.Release|Any CPU.ActiveCfg = Release|Any CPU
		{9EF13F57-4A79-4B34-9426-4A8E98FD91B7}.Release|Any CPU.Build.0 = Release|Any CPU
		{9EF13F57-4A79-4B34-9426-4A8E98FD91B7}.Release|Mixed Platforms.ActiveCfg = Release|Any CPU
		{9EF13F57-4A79-4B34-9426-4A8E98FD91B7}.Release|Mixed Platforms.Build.0 = Release|Any CPU
		{9EF13F57-4A79-4B34-9426-4A8E98FD91B7}.SingleImage|.NET.ActiveCfg = Release|Any CPU
		{9EF13F57-4A79-4B34-9426-4A8E98FD91B7}.SingleImage|Any CPU.ActiveCfg = Release|Any CPU
		{9EF13F57-4A79-4B34-9426-4A8E98FD91B7}.SingleImage|Any CPU.Build.0 = Release|Any CPU
		{9EF13F57-4A79-4B34-9426-4A8E98FD91B7}.SingleImage|Mixed Platforms.ActiveCfg = Release|Any CPU
		{9EF13F57-4A79-4B34-9426-4A8E98FD91B7}.SingleImage|Mixed Platforms.Build.0 = Release|Any CPU
		{938BD285-5B1A-45D0-958A-72D2A1215F96}.CD_ROM|.NET.ActiveCfg = Release|Any CPU
		{938BD285-5B1A-45D0-958A-72D2A1215F96}.CD_ROM|Any CPU.ActiveCfg = Release|Any CPU
		{938BD285-5B1A-45D0-958A-72D2A1215F96}.CD_ROM|Any CPU.Build.0 = Release|Any CPU
		{938BD285-5B1A-45D0-958A-72D2A1215F96}.CD_ROM|Mixed Platforms.ActiveCfg = Release|Any CPU
		{938BD285-5B1A-45D0-958A-72D2A1215F96}.CD_ROM|Mixed Platforms.Build.0 = Release|Any CPU
		{938BD285-5B1A-45D0-958A-72D2A1215F96}.Debug|.NET.ActiveCfg = Debug|Any CPU
		{938BD285-5B1A-45D0-958A-72D2A1215F96}.Debug|Any CPU.ActiveCfg = Debug|Any CPU
		{938BD285-5B1A-45D0-958A-72D2A1215F96}.Debug|Any CPU.Build.0 = Debug|Any CPU
		{938BD285-5B1A-45D0-958A-72D2A1215F96}.Debug|Mixed Platforms.ActiveCfg = Debug|Any CPU
		{938BD285-5B1A-45D0-958A-72D2A1215F96}.Debug|Mixed Platforms.Build.0 = Debug|Any CPU
		{938BD285-5B1A-45D0-958A-72D2A1215F96}.DVD-5|.NET.ActiveCfg = Debug|Any CPU
		{938BD285-5B1A-45D0-958A-72D2A1215F96}.DVD-5|Any CPU.ActiveCfg = Debug|Any CPU
		{938BD285-5B1A-45D0-958A-72D2A1215F96}.DVD-5|Any CPU.Build.0 = Debug|Any CPU
		{938BD285-5B1A-45D0-958A-72D2A1215F96}.DVD-5|Mixed Platforms.ActiveCfg = Debug|Any CPU
		{938BD285-5B1A-45D0-958A-72D2A1215F96}.DVD-5|Mixed Platforms.Build.0 = Debug|Any CPU
		{938BD285-5B1A-45D0-958A-72D2A1215F96}.Release|.NET.ActiveCfg = Release|Any CPU
		{938BD285-5B1A-45D0-958A-72D2A1215F96}.Release|Any CPU.ActiveCfg = Release|Any CPU
		{938BD285-5B1A-45D0-958A-72D2A1215F96}.Release|Any CPU.Build.0 = Release|Any CPU
		{938BD285-5B1A-45D0-958A-72D2A1215F96}.Release|Mixed Platforms.ActiveCfg = Release|Any CPU
		{938BD285-5B1A-45D0-958A-72D2A1215F96}.Release|Mixed Platforms.Build.0 = Release|Any CPU
		{938BD285-5B1A-45D0-958A-72D2A1215F96}.SingleImage|.NET.ActiveCfg = Release|Any CPU
		{938BD285-5B1A-45D0-958A-72D2A1215F96}.SingleImage|Any CPU.ActiveCfg = Release|Any CPU
		{938BD285-5B1A-45D0-958A-72D2A1215F96}.SingleImage|Any CPU.Build.0 = Release|Any CPU
		{938BD285-5B1A-45D0-958A-72D2A1215F96}.SingleImage|Mixed Platforms.ActiveCfg = Release|Any CPU
		{938BD285-5B1A-45D0-958A-72D2A1215F96}.SingleImage|Mixed Platforms.Build.0 = Release|Any CPU
		{1EEF629A-7C8E-45A6-8B14-E812EA5D92A2}.CD_ROM|.NET.ActiveCfg = Release|Any CPU
		{1EEF629A-7C8E-45A6-8B14-E812EA5D92A2}.CD_ROM|Any CPU.ActiveCfg = Release|Any CPU
		{1EEF629A-7C8E-45A6-8B14-E812EA5D92A2}.CD_ROM|Any CPU.Build.0 = Release|Any CPU
		{1EEF629A-7C8E-45A6-8B14-E812EA5D92A2}.CD_ROM|Mixed Platforms.ActiveCfg = Release|Any CPU
		{1EEF629A-7C8E-45A6-8B14-E812EA5D92A2}.CD_ROM|Mixed Platforms.Build.0 = Release|Any CPU
		{1EEF629A-7C8E-45A6-8B14-E812EA5D92A2}.Debug|.NET.ActiveCfg = Debug|Any CPU
		{1EEF629A-7C8E-45A6-8B14-E812EA5D92A2}.Debug|Any CPU.ActiveCfg = Debug|Any CPU
		{1EEF629A-7C8E-45A6-8B14-E812EA5D92A2}.Debug|Any CPU.Build.0 = Debug|Any CPU
		{1EEF629A-7C8E-45A6-8B14-E812EA5D92A2}.Debug|Mixed Platforms.ActiveCfg = Debug|Any CPU
		{1EEF629A-7C8E-45A6-8B14-E812EA5D92A2}.Debug|Mixed Platforms.Build.0 = Debug|Any CPU
		{1EEF629A-7C8E-45A6-8B14-E812EA5D92A2}.DVD-5|.NET.ActiveCfg = Debug|Any CPU
		{1EEF629A-7C8E-45A6-8B14-E812EA5D92A2}.DVD-5|Any CPU.ActiveCfg = Debug|Any CPU
		{1EEF629A-7C8E-45A6-8B14-E812EA5D92A2}.DVD-5|Any CPU.Build.0 = Debug|Any CPU
		{1EEF629A-7C8E-45A6-8B14-E812EA5D92A2}.DVD-5|Mixed Platforms.ActiveCfg = Debug|Any CPU
		{1EEF629A-7C8E-45A6-8B14-E812EA5D92A2}.DVD-5|Mixed Platforms.Build.0 = Debug|Any CPU
		{1EEF629A-7C8E-45A6-8B14-E812EA5D92A2}.Release|.NET.ActiveCfg = Release|Any CPU
		{1EEF629A-7C8E-45A6-8B14-E812EA5D92A2}.Release|Any CPU.ActiveCfg = Release|Any CPU
		{1EEF629A-7C8E-45A6-8B14-E812EA5D92A2}.Release|Any CPU.Build.0 = Release|Any CPU
		{1EEF629A-7C8E-45A6-8B14-E812EA5D92A2}.Release|Mixed Platforms.ActiveCfg = Release|Any CPU
		{1EEF629A-7C8E-45A6-8B14-E812EA5D92A2}.Release|Mixed Platforms.Build.0 = Release|Any CPU
		{1EEF629A-7C8E-45A6-8B14-E812EA5D92A2}.SingleImage|.NET.ActiveCfg = Release|Any CPU
		{1EEF629A-7C8E-45A6-8B14-E812EA5D92A2}.SingleImage|Any CPU.ActiveCfg = Release|Any CPU
		{1EEF629A-7C8E-45A6-8B14-E812EA5D92A2}.SingleImage|Any CPU.Build.0 = Release|Any CPU
		{1EEF629A-7C8E-45A6-8B14-E812EA5D92A2}.SingleImage|Mixed Platforms.ActiveCfg = Release|Any CPU
		{1EEF629A-7C8E-45A6-8B14-E812EA5D92A2}.SingleImage|Mixed Platforms.Build.0 = Release|Any CPU
		{FDE37F78-F436-47C6-A68E-8E9D6A29557F}.CD_ROM|.NET.ActiveCfg = Release|Any CPU
		{FDE37F78-F436-47C6-A68E-8E9D6A29557F}.CD_ROM|Any CPU.ActiveCfg = Release|Any CPU
		{FDE37F78-F436-47C6-A68E-8E9D6A29557F}.CD_ROM|Any CPU.Build.0 = Release|Any CPU
		{FDE37F78-F436-47C6-A68E-8E9D6A29557F}.CD_ROM|Mixed Platforms.ActiveCfg = Release|Any CPU
		{FDE37F78-F436-47C6-A68E-8E9D6A29557F}.CD_ROM|Mixed Platforms.Build.0 = Release|Any CPU
		{FDE37F78-F436-47C6-A68E-8E9D6A29557F}.Debug|.NET.ActiveCfg = Debug|Any CPU
		{FDE37F78-F436-47C6-A68E-8E9D6A29557F}.Debug|Any CPU.ActiveCfg = Debug|Any CPU
		{FDE37F78-F436-47C6-A68E-8E9D6A29557F}.Debug|Any CPU.Build.0 = Debug|Any CPU
		{FDE37F78-F436-47C6-A68E-8E9D6A29557F}.Debug|Mixed Platforms.ActiveCfg = Debug|Any CPU
		{FDE37F78-F436-47C6-A68E-8E9D6A29557F}.Debug|Mixed Platforms.Build.0 = Debug|Any CPU
		{FDE37F78-F436-47C6-A68E-8E9D6A29557F}.DVD-5|.NET.ActiveCfg = Debug|Any CPU
		{FDE37F78-F436-47C6-A68E-8E9D6A29557F}.DVD-5|Any CPU.ActiveCfg = Debug|Any CPU
		{FDE37F78-F436-47C6-A68E-8E9D6A29557F}.DVD-5|Any CPU.Build.0 = Debug|Any CPU
		{FDE37F78-F436-47C6-A68E-8E9D6A29557F}.DVD-5|Mixed Platforms.ActiveCfg = Debug|Any CPU
		{FDE37F78-F436-47C6-A68E-8E9D6A29557F}.DVD-5|Mixed Platforms.Build.0 = Debug|Any CPU
		{FDE37F78-F436-47C6-A68E-8E9D6A29557F}.Release|.NET.ActiveCfg = Release|Any CPU
		{FDE37F78-F436-47C6-A68E-8E9D6A29557F}.Release|Any CPU.ActiveCfg = Release|Any CPU
		{FDE37F78-F436-47C6-A68E-8E9D6A29557F}.Release|Any CPU.Build.0 = Release|Any CPU
		{FDE37F78-F436-47C6-A68E-8E9D6A29557F}.Release|Mixed Platforms.ActiveCfg = Release|Any CPU
		{FDE37F78-F436-47C6-A68E-8E9D6A29557F}.Release|Mixed Platforms.Build.0 = Release|Any CPU
		{FDE37F78-F436-47C6-A68E-8E9D6A29557F}.SingleImage|.NET.ActiveCfg = Release|Any CPU
		{FDE37F78-F436-47C6-A68E-8E9D6A29557F}.SingleImage|Any CPU.ActiveCfg = Release|Any CPU
		{FDE37F78-F436-47C6-A68E-8E9D6A29557F}.SingleImage|Any CPU.Build.0 = Release|Any CPU
		{FDE37F78-F436-47C6-A68E-8E9D6A29557F}.SingleImage|Mixed Platforms.ActiveCfg = Release|Any CPU
		{FDE37F78-F436-47C6-A68E-8E9D6A29557F}.SingleImage|Mixed Platforms.Build.0 = Release|Any CPU
	EndGlobalSection
	GlobalSection(SolutionProperties) = preSolution
		HideSolutionNode = FALSE
	EndGlobalSection
	GlobalSection(NestedProjects) = preSolution
		{207E91B1-C9F8-4913-88E1-3549EF5F3273} = {BD8207FB-742B-46C4-BB3F-3BBB9FC5B84B}
		{63C0536A-01CD-4895-8B05-FF01CF6C86C0} = {BD8207FB-742B-46C4-BB3F-3BBB9FC5B84B}
		{C22E273B-BA4C-46E6-9293-53F285ED4FA7} = {BD8207FB-742B-46C4-BB3F-3BBB9FC5B84B}
		{2F131F6B-7E0C-4E3F-A14B-CE1686886DCE} = {BD8207FB-742B-46C4-BB3F-3BBB9FC5B84B}
		{F8DE8838-3350-4F1C-9B43-50DFE42DB6A8} = {BD8207FB-742B-46C4-BB3F-3BBB9FC5B84B}
		{D949923F-A1CD-46DB-9699-1BCD095856A8} = {B4D51665-EFEC-4F69-A274-D8DC89692151}
		{343CAC93-2C71-49E5-9C82-CB678C84F97A} = {B4D51665-EFEC-4F69-A274-D8DC89692151}
		{80222E88-063C-4DCF-8398-698980E604B7} = {B4D51665-EFEC-4F69-A274-D8DC89692151}
		{10320540-022F-49D3-A0B5-ABE892E99098} = {B4D51665-EFEC-4F69-A274-D8DC89692151}
		{9EF13F57-4A79-4B34-9426-4A8E98FD91B7} = {B4D51665-EFEC-4F69-A274-D8DC89692151}
		{CB18550F-F06B-4000-8B4E-2F85E0D283CA} = {1BD90470-2CE1-472F-9F67-0E3E7D9903C8}
		{1B3EF560-D489-4693-9A57-B430169FEA33} = {1BD90470-2CE1-472F-9F67-0E3E7D9903C8}
		{B063D20A-90EF-4E2C-BBDC-8795C7995DE8} = {1BD90470-2CE1-472F-9F67-0E3E7D9903C8}
		{7D1DFDAC-E17E-45D6-94F2-42A959F6AAE4} = {1BD90470-2CE1-472F-9F67-0E3E7D9903C8}
		{DF7BE7D8-3F8E-4128-A0BB-115AE597F756} = {1BD90470-2CE1-472F-9F67-0E3E7D9903C8}
		{F8DFD116-CCF8-4B03-BAF5-2F62FBCC01BE} = {1BD90470-2CE1-472F-9F67-0E3E7D9903C8}
		{1971B97A-D2BD-43CD-BE6A-CDB8B907DA5E} = {1BD90470-2CE1-472F-9F67-0E3E7D9903C8}
	EndGlobalSection
EndGlobal
